
Microsoft Visual Studio Solution File, Format Version 10.00
# Visual Studio 2008
Project("{FAE04EC0-301F-11D3-BF4B-00C04F79EFBC}") = "FogUM", "FogUM\FogUM.csproj", "{D133CF06-3A05-4B8C-9B01-1C46E1B673E1}"
EndProject
Project("{E24C65DC-7377-472B-9ABA-BC803B73C61A}") = "website", "FogUM\website\", "{09AC8A57-A2F1-4C1F-8394-0EED2991A7AC}"
	ProjectSection(WebsiteProperties) = preProject
		TargetFramework = "3.5"
		ProjectReferences = "{D133CF06-3A05-4B8C-9B01-1C46E1B673E1}|FogUM.dll;"
		Debug.AspNetCompiler.VirtualPath = "/website"
		Debug.AspNetCompiler.PhysicalPath = "FogUM\website\"
		Debug.AspNetCompiler.TargetPath = "PrecompiledWeb\website\"
		Debug.AspNetCompiler.Updateable = "true"
		Debug.AspNetCompiler.ForceOverwrite = "true"
		Debug.AspNetCompiler.FixedNames = "false"
		Debug.AspNetCompiler.Debug = "True"
		Release.AspNetCompiler.VirtualPath = "/website"
		Release.AspNetCompiler.PhysicalPath = "FogUM\website\"
		Release.AspNetCompiler.TargetPath = "PrecompiledWeb\website\"
		Release.AspNetCompiler.Updateable = "true"
		Release.AspNetCompiler.ForceOverwrite = "true"
		Release.AspNetCompiler.FixedNames = "false"
		Release.AspNetCompiler.Debug = "False"
		VWDPort = "1414"
		DefaultWebSiteLanguage = "Visual C#"
	EndProjectSection
EndProject
Global
	GlobalSection(SolutionConfigurationPlatforms) = preSolution
		Debug|.NET = Debug|.NET
		Debug|Any CPU = Debug|Any CPU
		Debug|Mixed Platforms = Debug|Mixed Platforms
		Release|.NET = Release|.NET
		Release|Any CPU = Release|Any CPU
		Release|Mixed Platforms = Release|Mixed Platforms
	EndGlobalSection
	GlobalSection(ProjectConfigurationPlatforms) = postSolution
		{D133CF06-3A05-4B8C-9B01-1C46E1B673E1}.Debug|.NET.ActiveCfg = Debug|Any CPU
		{D133CF06-3A05-4B8C-9B01-1C46E1B673E1}.Debug|Any CPU.ActiveCfg = Debug|Any CPU
		{D133CF06-3A05-4B8C-9B01-1C46E1B673E1}.Debug|Any CPU.Build.0 = Debug|Any CPU
		{D133CF06-3A05-4B8C-9B01-1C46E1B673E1}.Debug|Mixed Platforms.ActiveCfg = Debug|Any CPU
		{D133CF06-3A05-4B8C-9B01-1C46E1B673E1}.Debug|Mixed Platforms.Build.0 = Debug|Any CPU
		{D133CF06-3A05-4B8C-9B01-1C46E1B673E1}.Release|.NET.ActiveCfg = Release|Any CPU
		{D133CF06-3A05-4B8C-9B01-1C46E1B673E1}.Release|Any CPU.ActiveCfg = Release|Any CPU
		{D133CF06-3A05-4B8C-9B01-1C46E1B673E1}.Release|Any CPU.Build.0 = Release|Any CPU
		{D133CF06-3A05-4B8C-9B01-1C46E1B673E1}.Release|Mixed Platforms.ActiveCfg = Release|Any CPU
		{D133CF06-3A05-4B8C-9B01-1C46E1B673E1}.Release|Mixed Platforms.Build.0 = Release|Any CPU
		{09AC8A57-A2F1-4C1F-8394-0EED2991A7AC}.Debug|.NET.ActiveCfg = Debug|.NET
		{09AC8A57-A2F1-4C1F-8394-0EED2991A7AC}.Debug|.NET.Build.0 = Debug|.NET
		{09AC8A57-A2F1-4C1F-8394-0EED2991A7AC}.Debug|Any CPU.ActiveCfg = Debug|.NET
		{09AC8A57-A2F1-4C1F-8394-0EED2991A7AC}.Debug|Mixed Platforms.ActiveCfg = Debug|.NET
		{09AC8A57-A2F1-4C1F-8394-0EED2991A7AC}.Debug|Mixed Platforms.Build.0 = Debug|.NET
		{09AC8A57-A2F1-4C1F-8394-0EED2991A7AC}.Release|.NET.ActiveCfg = Debug|.NET
		{09AC8A57-A2F1-4C1F-8394-0EED2991A7AC}.Release|.NET.Build.0 = Debug|.NET
		{09AC8A57-A2F1-4C1F-8394-0EED2991A7AC}.Release|Any CPU.ActiveCfg = Debug|.NET
		{09AC8A57-A2F1-4C1F-8394-0EED2991A7AC}.Release|Mixed Platforms.ActiveCfg = Debug|.NET
		{09AC8A57-A2F1-4C1F-8394-0EED2991A7AC}.Release|Mixed Platforms.Build.0 = Debug|.NET
	EndGlobalSection
	GlobalSection(SolutionProperties) = preSolution
		HideSolutionNode = FALSE
	EndGlobalSection
EndGlobal
